{
  "name": "main_api",
  "version": "1.0.0",
  "lockfileVersion": 1,
  "dependencies": {
    "ajv": {
      "version": "5.5.2",
      "resolved": "https://registry.npmjs.org/ajv/-/ajv-5.5.2.tgz",
      "integrity": "sha1-c7Xuyj+rZT49P5Qis0GtQiBdyWU="
    },
    "big.js": {
      "version": "3.2.0",
      "resolved": "https://registry.npmjs.org/big.js/-/big.js-3.2.0.tgz",
      "integrity": "sha512-+hN/Zh2D08Mx65pZ/4g5bsmNiZUuChDiQfTUQ7qJr4/kuopCr88xZsAXv6mBoZEsUI4OuGHlX59qE94K2mMW8Q=="
    },
    "bower": {
      "version": "1.8.2",
      "resolved": "https://registry.npmjs.org/bower/-/bower-1.8.2.tgz",
      "integrity": "sha1-rfU1KcjUrwLvJPuNU0HBQZ0z4vc="
    },
    "co": {
      "version": "4.6.0",
      "resolved": "https://registry.npmjs.org/co/-/co-4.6.0.tgz",
      "integrity": "sha1-bqa989hTrlTMuOR7+gvz+QMfsYQ="
    },
    "custom-event-polyfill": {
      "version": "0.2.2",
      "resolved": "https://registry.npmjs.org/custom-event-polyfill/-/custom-event-polyfill-0.2.2.tgz",
      "integrity": "sha1-G01/GJGNlAhLl4OODiLm6IQ6IYQ="
    },
    "domify": {
      "version": "1.4.0",
      "resolved": "https://registry.npmjs.org/domify/-/domify-1.4.0.tgz",
      "integrity": "sha1-EUg2F/dk+GlZdbS9x5sU8IA7Yps="
    },
    "echo-js": {
      "version": "1.7.3",
      "resolved": "https://registry.npmjs.org/echo-js/-/echo-js-1.7.3.tgz",
      "integrity": "sha1-bPBAtL3SP5UNBDLgKDkJ0/6Q2Pg="
    },
    "emojis-list": {
      "version": "2.1.0",
      "resolved": "https://registry.npmjs.org/emojis-list/-/emojis-list-2.1.0.tgz",
      "integrity": "sha1-TapNnbAPmBmIDHn6RXrlsJof04k="
    },
    "fast-deep-equal": {
      "version": "1.0.0",
      "resolved": "https://registry.npmjs.org/fast-deep-equal/-/fast-deep-equal-1.0.0.tgz",
      "integrity": "sha1-liVqO8l1WV6zbYLpkp0GDYk0Of8="
    },
    "fast-json-stable-stringify": {
      "version": "2.0.0",
      "resolved": "https://registry.npmjs.org/fast-json-stable-stringify/-/fast-json-stable-stringify-2.0.0.tgz",
      "integrity": "sha1-1RQsDK7msRifh9OnYREGT4bIu/I="
    },
    "json-schema-traverse": {
      "version": "0.3.1",
      "resolved": "https://registry.npmjs.org/json-schema-traverse/-/json-schema-traverse-0.3.1.tgz",
      "integrity": "sha1-NJptRMU6Ud6JtAgFxdXlm0F9M0A="
    },
    "json5": {
      "version": "0.5.1",
      "resolved": "https://registry.npmjs.org/json5/-/json5-0.5.1.tgz",
      "integrity": "sha1-Hq3nrMASA0rYTiOWdn6tn6VJWCE="
    },
    "loader-utils": {
      "version": "1.1.0",
      "resolved": "https://registry.npmjs.org/loader-utils/-/loader-utils-1.1.0.tgz",
      "integrity": "sha1-yYrvSIvM7aL/teLeZG1qdUQp9c0="
    },
    "node-ensure": {
      "version": "0.0.0",
      "resolved": "https://registry.npmjs.org/node-ensure/-/node-ensure-0.0.0.tgz",
      "integrity": "sha1-7K52QVDemYYexcgQ/V0Jaxg5Mqc="
    },
    "pdf.js-controller": {
      "version": "1.0.1",
      "resolved": "https://registry.npmjs.org/pdf.js-controller/-/pdf.js-controller-1.0.1.tgz",
      "integrity": "sha1-xuXrF3vLZkG1GDfvlBZ23Fj5b1U="
    },
    "pdfjs-dist": {
      "version": "1.10.97",
      "resolved": "https://registry.npmjs.org/pdfjs-dist/-/pdfjs-dist-1.10.97.tgz",
      "integrity": "sha1-05mVhslLdf5eboFhpXxEmhOgMPs="
    },
    "schema-utils": {
      "version": "0.3.0",
      "resolved": "https://registry.npmjs.org/schema-utils/-/schema-utils-0.3.0.tgz",
      "integrity": "sha1-9YdyIs4+kx7a4DnxfrNxbnE3+M8="
    },
    "worker-loader": {
      "version": "1.1.0",
      "resolved": "https://registry.npmjs.org/worker-loader/-/worker-loader-1.1.0.tgz",
      "integrity": "sha512-W91q8Wi1JxbzFQZuLJlFK4x8UuWjKgeOX9IMMyng007K0UkP6I8lOejckoCWY61QmnJq2x9qZ/Viru+uF8g6nA=="
    }
  }
}
