{
  "name": "main_api",
  "version": "1.0.0",
  "lockfileVersion": 1,
  "requires": true,
  "dependencies": {
    "bower": {
      "version": "1.8.8",
      "resolved": "https://registry.npmjs.org/bower/-/bower-1.8.8.tgz",
      "integrity": "sha512-1SrJnXnkP9soITHptSO+ahx3QKp3cVzn8poI6ujqc5SeOkg5iqM1pK9H+DSc2OQ8SnO0jC/NG4Ur/UIwy7574A=="
    },
    "echo-js": {
      "version": "1.7.3",
      "resolved": "https://registry.npmjs.org/echo-js/-/echo-js-1.7.3.tgz",
      "integrity": "sha1-bPBAtL3SP5UNBDLgKDkJ0/6Q2Pg="
    },
    "pdf.js-controller": {
      "version": "1.0.1",
      "resolved": "https://registry.npmjs.org/pdf.js-controller/-/pdf.js-controller-1.0.1.tgz",
      "integrity": "sha1-xuXrF3vLZkG1GDfvlBZ23Fj5b1U="
    }
  }
}
